<Solution>
  <Configurations>
    <Platform Name="x64" />
    <Platform Name="x86" />
  </Configurations>
  <Project Path="Chap14-01-app/Chap14-01-app.vcxproj" Id="98d55bbc-18a8-4b9f-96c4-b51c9cc4310a" />
  <Project Path="Chap14-02-app/Chap14-02-app.vcxproj" Id="42d9ce38-72d4-4170-beaa-c2ca87befcf0" />
  <Project Path="Chap14-quiz/Chap14-quiz.vcxproj" Id="3d352ee7-bf54-40bd-a7c9-13d4b7cf1cc0" />
</Solution>
