<Solution>
  <Configurations>
    <Platform Name="x64" />
    <Platform Name="x86" />
  </Configurations>
  <Project Path="Chap05-01-app/Chap05-01-app.vcxproj" Id="b9d8f1d4-822a-4f5b-a0c4-ddb3144ed75e" />
  <Project Path="Chap05-02-app/Chap05-02-app.vcxproj" Id="2dfaa711-f2e9-4a97-abd5-c8c9dbf2ab3b" />
  <Project Path="Chap05-03-app/Chap05-03-app.vcxproj" Id="c467e397-27d1-476b-b44c-ff6f4aeead88" />
  <Project Path="Chap05-04-app/Chap05-04-app.vcxproj" Id="50c0424b-46ce-46f1-a1e4-f342943bc2f6" />
  <Project Path="Chap05-05-app/Chap05-05-app.vcxproj" Id="e00087e1-56ae-46d8-952d-8e9e4357a024" />
  <Project Path="Chap05-06-app/Chap05-06-app.vcxproj" Id="0783e248-cc35-4367-a91e-ee5b46d94e0e" />
  <Project Path="Chap05-07-app/Chap05-07-app.vcxproj" Id="6ea211d2-85e9-4fdf-915a-f94d628b528e" />
  <Project Path="Chap05-quiz/Chap05-quiz.vcxproj" Id="2f8ee818-2a0d-4b9b-86c3-849f71d26cd2" />
</Solution>
